
Microsoft Visual Studio Solution File, Format Version 12.00
# Visual Studio Version 16
VisualStudioVersion = 16.0.30907.101
MinimumVisualStudioVersion = 10.0.40219.1
Project("{FAE04EC0-301F-11D3-BF4B-00C04F79EFBC}") = "insertion_sort", "insertion_sort\insertion_sort.csproj", "{0BA559C4-5545-415B-832E-79CBF9C81E42}"
EndProject
Global
	GlobalSection(SolutionConfigurationPlatforms) = preSolution
		Debug|Any CPU = Debug|Any CPU
		Release|Any CPU = Release|Any CPU
	EndGlobalSection
	GlobalSection(ProjectConfigurationPlatforms) = postSolution
		{0BA559C4-5545-415B-832E-79CBF9C81E42}.Debug|Any CPU.ActiveCfg = Debug|Any CPU
		{0BA559C4-5545-415B-832E-79CBF9C81E42}.Debug|Any CPU.Build.0 = Debug|Any CPU
		{0BA559C4-5545-415B-832E-79CBF9C81E42}.Release|Any CPU.ActiveCfg = Release|Any CPU
		{0BA559C4-5545-415B-832E-79CBF9C81E42}.Release|Any CPU.Build.0 = Release|Any CPU
	EndGlobalSection
	GlobalSection(SolutionProperties) = preSolution
		HideSolutionNode = FALSE
	EndGlobalSection
	GlobalSection(ExtensibilityGlobals) = postSolution
		SolutionGuid = {B70288DC-63C7-45CB-84A9-2A07662B23C0}
	EndGlobalSection
EndGlobal
